
Microsoft Visual Studio Solution File, Format Version 12.00
# Visual Studio 15
VisualStudioVersion = 15.0.28307.1062
MinimumVisualStudioVersion = 10.0.40219.1
Project("{FAE04EC0-301F-11D3-BF4B-00C04F79EFBC}") = "TPOnlineDatingAPI", "TPOnlineDatingAPI\TPOnlineDatingAPI.csproj", "{FE79FA17-76B3-47F8-81EA-685E386A5010}"
EndProject
Global
	GlobalSection(SolutionConfigurationPlatforms) = preSolution
		Debug|Any CPU = Debug|Any CPU
		Release|Any CPU = Release|Any CPU
	EndGlobalSection
	GlobalSection(ProjectConfigurationPlatforms) = postSolution
		{FE79FA17-76B3-47F8-81EA-685E386A5010}.Debug|Any CPU.ActiveCfg = Debug|Any CPU
		{FE79FA17-76B3-47F8-81EA-685E386A5010}.Debug|Any CPU.Build.0 = Debug|Any CPU
		{FE79FA17-76B3-47F8-81EA-685E386A5010}.Release|Any CPU.ActiveCfg = Release|Any CPU
		{FE79FA17-76B3-47F8-81EA-685E386A5010}.Release|Any CPU.Build.0 = Release|Any CPU
	EndGlobalSection
	GlobalSection(SolutionProperties) = preSolution
		HideSolutionNode = FALSE
	EndGlobalSection
	GlobalSection(ExtensibilityGlobals) = postSolution
		SolutionGuid = {238EA6AA-B657-42AE-AAA3-78B1E92FAEC4}
	EndGlobalSection
EndGlobal
